
Microsoft Visual Studio Solution File, Format Version 12.00
# Visual Studio 15
VisualStudioVersion = 15.0.26228.4
MinimumVisualStudioVersion = 10.0.40219.1
Project("{FAE04EC0-301F-11D3-BF4B-00C04F79EFBC}") = "Svrf", "SVRF\Svrf.csproj", "{4E5BEDCD-A1A7-473F-92E0-62F9D723727A}"
EndProject
Project("{FAE04EC0-301F-11D3-BF4B-00C04F79EFBC}") = "Svrf.Tests.Unit", "Svrf.Tests.Unit\Svrf.Tests.Unit.csproj", "{CA4207BB-EC38-4B6D-8886-90725422CD33}"
EndProject
Global
	GlobalSection(SolutionConfigurationPlatforms) = preSolution
		Debug|Any CPU = Debug|Any CPU
		Release|Any CPU = Release|Any CPU
	EndGlobalSection
	GlobalSection(ProjectConfigurationPlatforms) = postSolution
		{4E5BEDCD-A1A7-473F-92E0-62F9D723727A}.Debug|Any CPU.ActiveCfg = Debug|Any CPU
		{4E5BEDCD-A1A7-473F-92E0-62F9D723727A}.Debug|Any CPU.Build.0 = Debug|Any CPU
		{4E5BEDCD-A1A7-473F-92E0-62F9D723727A}.Release|Any CPU.ActiveCfg = Release|Any CPU
		{4E5BEDCD-A1A7-473F-92E0-62F9D723727A}.Release|Any CPU.Build.0 = Release|Any CPU
		{CA4207BB-EC38-4B6D-8886-90725422CD33}.Debug|Any CPU.ActiveCfg = Debug|Any CPU
		{CA4207BB-EC38-4B6D-8886-90725422CD33}.Debug|Any CPU.Build.0 = Debug|Any CPU
		{CA4207BB-EC38-4B6D-8886-90725422CD33}.Release|Any CPU.ActiveCfg = Release|Any CPU
		{CA4207BB-EC38-4B6D-8886-90725422CD33}.Release|Any CPU.Build.0 = Release|Any CPU
	EndGlobalSection
	GlobalSection(SolutionProperties) = preSolution
		HideSolutionNode = FALSE
	EndGlobalSection
EndGlobal
